// !$*UTF8*$!
{
	archiveVersion = 1;
	classes = {
	};
	objectVersion = 46;
	objects = {

/* Begin PBXBuildFile section */
		088D3B2EE493CB7F762D44A7 /* Pods_InstagramClone.framework in Frameworks */ = {isa = PBXBuildFile; fileRef = D9BF2CF2E5DA427949CB6703 /* Pods_InstagramClone.framework */; };
		165B095A1DD9BF660074BB3B /* AppDelegate.swift in Sources */ = {isa = PBXBuildFile; fileRef = 165B09591DD9BF660074BB3B /* AppDelegate.swift */; };
		165B095C1DD9BF660074BB3B /* ViewController.swift in Sources */ = {isa = PBXBuildFile; fileRef = 165B095B1DD9BF660074BB3B /* ViewController.swift */; };
		165B095F1DD9BF660074BB3B /* Main.storyboard in Resources */ = {isa = PBXBuildFile; fileRef = 165B095D1DD9BF660074BB3B /* Main.storyboard */; };
		165B09611DD9BF660074BB3B /* Assets.xcassets in Resources */ = {isa = PBXBuildFile; fileRef = 165B09601DD9BF660074BB3B /* Assets.xcassets */; };
		165B09641DD9BF660074BB3B /* LaunchScreen.storyboard in Resources */ = {isa = PBXBuildFile; fileRef = 165B09621DD9BF660074BB3B /* LaunchScreen.storyboard */; };
		165B096C1DD9C0B90074BB3B /* GoogleService-Info.plist in Resources */ = {isa = PBXBuildFile; fileRef = 165B096B1DD9C0B90074BB3B /* GoogleService-Info.plist */; };
		AF092EF11DDABEAD00F39010 /* ProfileEditViewController.swift in Sources */ = {isa = PBXBuildFile; fileRef = AF092EF01DDABEAD00F39010 /* ProfileEditViewController.swift */; };
		AF092EF31DDB04F700F39010 /* FriendsDetailCollectionViewCell.swift in Sources */ = {isa = PBXBuildFile; fileRef = AF092EF21DDB04F700F39010 /* FriendsDetailCollectionViewCell.swift */; };
		AF092EF51DDB071C00F39010 /* FriendPostCollectionViewCell.swift in Sources */ = {isa = PBXBuildFile; fileRef = AF092EF41DDB071C00F39010 /* FriendPostCollectionViewCell.swift */; };
		AF1FFEF91DD9CDE4008B4089 /* LogInViewController.swift in Sources */ = {isa = PBXBuildFile; fileRef = AF1FFEF81DD9CDE4008B4089 /* LogInViewController.swift */; };
		AF1FFEFB1DD9CE17008B4089 /* SignUpViewController.swift in Sources */ = {isa = PBXBuildFile; fileRef = AF1FFEFA1DD9CE17008B4089 /* SignUpViewController.swift */; };
		AF1FFEFD1DD9CE39008B4089 /* TimelineViewController.swift in Sources */ = {isa = PBXBuildFile; fileRef = AF1FFEFC1DD9CE39008B4089 /* TimelineViewController.swift */; };
		AF1FFF011DD9CED8008B4089 /* FriendsViewController.swift in Sources */ = {isa = PBXBuildFile; fileRef = AF1FFF001DD9CED8008B4089 /* FriendsViewController.swift */; };
		AF1FFF051DD9CF69008B4089 /* FriendsDetailViewController.swift in Sources */ = {isa = PBXBuildFile; fileRef = AF1FFF041DD9CF69008B4089 /* FriendsDetailViewController.swift */; };
		AF1FFF071DD9CFAD008B4089 /* CameraViewController.swift in Sources */ = {isa = PBXBuildFile; fileRef = AF1FFF061DD9CFAD008B4089 /* CameraViewController.swift */; };
		AF1FFF091DD9CFD3008B4089 /* ProfileViewController.swift in Sources */ = {isa = PBXBuildFile; fileRef = AF1FFF081DD9CFD3008B4089 /* ProfileViewController.swift */; };
		AF1FFF0F1DD9D09C008B4089 /* FriendsDetail2ViewController.swift in Sources */ = {isa = PBXBuildFile; fileRef = AF1FFF0E1DD9D09C008B4089 /* FriendsDetail2ViewController.swift */; };
		AF1FFF111DD9D151008B4089 /* CameraDetailViewController.swift in Sources */ = {isa = PBXBuildFile; fileRef = AF1FFF101DD9D151008B4089 /* CameraDetailViewController.swift */; };
		AFF600D71DDC0DCC00E7A2D3 /* UserDetailCollectionViewCell.swift in Sources */ = {isa = PBXBuildFile; fileRef = AFF600D61DDC0DCC00E7A2D3 /* UserDetailCollectionViewCell.swift */; };
		AFF600D91DDC0E0200E7A2D3 /* UserPostCollectionViewCell.swift in Sources */ = {isa = PBXBuildFile; fileRef = AFF600D81DDC0E0200E7A2D3 /* UserPostCollectionViewCell.swift */; };
		AFFC59F81DDD59FF00E14176 /* FriendSearchTableViewCell.swift in Sources */ = {isa = PBXBuildFile; fileRef = AFFC59F71DDD59FF00E14176 /* FriendSearchTableViewCell.swift */; };
		AFFC59FA1DDD638200E14176 /* FriendSearch.swift in Sources */ = {isa = PBXBuildFile; fileRef = AFFC59F91DDD638200E14176 /* FriendSearch.swift */; };
/* End PBXBuildFile section */

/* Begin PBXFileReference section */
		165B09561DD9BF660074BB3B /* InstagramClone.app */ = {isa = PBXFileReference; explicitFileType = wrapper.application; includeInIndex = 0; path = InstagramClone.app; sourceTree = BUILT_PRODUCTS_DIR; };
		165B09591DD9BF660074BB3B /* AppDelegate.swift */ = {isa = PBXFileReference; lastKnownFileType = sourcecode.swift; path = AppDelegate.swift; sourceTree = "<group>"; };
		165B095B1DD9BF660074BB3B /* ViewController.swift */ = {isa = PBXFileReference; lastKnownFileType = sourcecode.swift; path = ViewController.swift; sourceTree = "<group>"; };
		165B095E1DD9BF660074BB3B /* Base */ = {isa = PBXFileReference; lastKnownFileType = file.storyboard; name = Base; path = Base.lproj/Main.storyboard; sourceTree = "<group>"; };
		165B09601DD9BF660074BB3B /* Assets.xcassets */ = {isa = PBXFileReference; lastKnownFileType = folder.assetcatalog; path = Assets.xcassets; sourceTree = "<group>"; };
		165B09631DD9BF660074BB3B /* Base */ = {isa = PBXFileReference; lastKnownFileType = file.storyboard; name = Base; path = Base.lproj/LaunchScreen.storyboard; sourceTree = "<group>"; };
		165B09651DD9BF660074BB3B /* Info.plist */ = {isa = PBXFileReference; lastKnownFileType = text.plist.xml; path = Info.plist; sourceTree = "<group>"; };
		165B096B1DD9C0B90074BB3B /* GoogleService-Info.plist */ = {isa = PBXFileReference; fileEncoding = 4; lastKnownFileType = text.plist.xml; path = "GoogleService-Info.plist"; sourceTree = "<group>"; };
		19A09F1EDC8F5AEC26C61915 /* Pods-InstagramClone.release.xcconfig */ = {isa = PBXFileReference; includeInIndex = 1; lastKnownFileType = text.xcconfig; name = "Pods-InstagramClone.release.xcconfig"; path = "Pods/Target Support Files/Pods-InstagramClone/Pods-InstagramClone.release.xcconfig"; sourceTree = "<group>"; };
		28C1DF95A0D3370CD10F1195 /* Pods-InstagramClone.debug.xcconfig */ = {isa = PBXFileReference; includeInIndex = 1; lastKnownFileType = text.xcconfig; name = "Pods-InstagramClone.debug.xcconfig"; path = "Pods/Target Support Files/Pods-InstagramClone/Pods-InstagramClone.debug.xcconfig"; sourceTree = "<group>"; };
		AF092EF01DDABEAD00F39010 /* ProfileEditViewController.swift */ = {isa = PBXFileReference; fileEncoding = 4; lastKnownFileType = sourcecode.swift; name = ProfileEditViewController.swift; path = Base.lproj/VController/ProfileEditViewController.swift; sourceTree = "<group>"; };
		AF092EF21DDB04F700F39010 /* FriendsDetailCollectionViewCell.swift */ = {isa = PBXFileReference; fileEncoding = 4; lastKnownFileType = sourcecode.swift; name = FriendsDetailCollectionViewCell.swift; path = Base.lproj/Views/FriendsDetailCollectionViewCell.swift; sourceTree = "<group>"; };
		AF092EF41DDB071C00F39010 /* FriendPostCollectionViewCell.swift */ = {isa = PBXFileReference; fileEncoding = 4; lastKnownFileType = sourcecode.swift; name = FriendPostCollectionViewCell.swift; path = Base.lproj/Views/FriendPostCollectionViewCell.swift; sourceTree = "<group>"; };
		AF1FFEF81DD9CDE4008B4089 /* LogInViewController.swift */ = {isa = PBXFileReference; fileEncoding = 4; lastKnownFileType = sourcecode.swift; name = LogInViewController.swift; path = Base.lproj/VController/LogInViewController.swift; sourceTree = "<group>"; };
		AF1FFEFA1DD9CE17008B4089 /* SignUpViewController.swift */ = {isa = PBXFileReference; fileEncoding = 4; lastKnownFileType = sourcecode.swift; name = SignUpViewController.swift; path = Base.lproj/VController/SignUpViewController.swift; sourceTree = "<group>"; };
		AF1FFEFC1DD9CE39008B4089 /* TimelineViewController.swift */ = {isa = PBXFileReference; fileEncoding = 4; lastKnownFileType = sourcecode.swift; name = TimelineViewController.swift; path = Base.lproj/VController/TimelineViewController.swift; sourceTree = "<group>"; };
		AF1FFF001DD9CED8008B4089 /* FriendsViewController.swift */ = {isa = PBXFileReference; fileEncoding = 4; lastKnownFileType = sourcecode.swift; name = FriendsViewController.swift; path = Base.lproj/VController/FriendsViewController.swift; sourceTree = "<group>"; };
		AF1FFF041DD9CF69008B4089 /* FriendsDetailViewController.swift */ = {isa = PBXFileReference; fileEncoding = 4; lastKnownFileType = sourcecode.swift; name = FriendsDetailViewController.swift; path = Base.lproj/VController/FriendsDetailViewController.swift; sourceTree = "<group>"; };
		AF1FFF061DD9CFAD008B4089 /* CameraViewController.swift */ = {isa = PBXFileReference; fileEncoding = 4; lastKnownFileType = sourcecode.swift; name = CameraViewController.swift; path = Base.lproj/VController/CameraViewController.swift; sourceTree = "<group>"; };
		AF1FFF081DD9CFD3008B4089 /* ProfileViewController.swift */ = {isa = PBXFileReference; fileEncoding = 4; lastKnownFileType = sourcecode.swift; name = ProfileViewController.swift; path = Base.lproj/VController/ProfileViewController.swift; sourceTree = "<group>"; };
		AF1FFF0E1DD9D09C008B4089 /* FriendsDetail2ViewController.swift */ = {isa = PBXFileReference; fileEncoding = 4; lastKnownFileType = sourcecode.swift; path = FriendsDetail2ViewController.swift; sourceTree = "<group>"; };
		AF1FFF101DD9D151008B4089 /* CameraDetailViewController.swift */ = {isa = PBXFileReference; fileEncoding = 4; lastKnownFileType = sourcecode.swift; name = CameraDetailViewController.swift; path = Base.lproj/VController/CameraDetailViewController.swift; sourceTree = "<group>"; };
		AFF600D61DDC0DCC00E7A2D3 /* UserDetailCollectionViewCell.swift */ = {isa = PBXFileReference; fileEncoding = 4; lastKnownFileType = sourcecode.swift; name = UserDetailCollectionViewCell.swift; path = Base.lproj/Views/UserDetailCollectionViewCell.swift; sourceTree = "<group>"; };
		AFF600D81DDC0E0200E7A2D3 /* UserPostCollectionViewCell.swift */ = {isa = PBXFileReference; fileEncoding = 4; lastKnownFileType = sourcecode.swift; name = UserPostCollectionViewCell.swift; path = Base.lproj/Views/UserPostCollectionViewCell.swift; sourceTree = "<group>"; };
		AFFC59F71DDD59FF00E14176 /* FriendSearchTableViewCell.swift */ = {isa = PBXFileReference; fileEncoding = 4; lastKnownFileType = sourcecode.swift; name = FriendSearchTableViewCell.swift; path = Base.lproj/Views/FriendSearchTableViewCell.swift; sourceTree = "<group>"; };
		AFFC59F91DDD638200E14176 /* FriendSearch.swift */ = {isa = PBXFileReference; fileEncoding = 4; lastKnownFileType = sourcecode.swift; name = FriendSearch.swift; path = Base.lproj/helper/FriendSearch.swift; sourceTree = "<group>"; };
		D9BF2CF2E5DA427949CB6703 /* Pods_InstagramClone.framework */ = {isa = PBXFileReference; explicitFileType = wrapper.framework; includeInIndex = 0; path = Pods_InstagramClone.framework; sourceTree = BUILT_PRODUCTS_DIR; };
/* End PBXFileReference section */

/* Begin PBXFrameworksBuildPhase section */
		165B09531DD9BF660074BB3B /* Frameworks */ = {
			isa = PBXFrameworksBuildPhase;
			buildActionMask = 2147483647;
			files = (
				088D3B2EE493CB7F762D44A7 /* Pods_InstagramClone.framework in Frameworks */,
			);
			runOnlyForDeploymentPostprocessing = 0;
		};
/* End PBXFrameworksBuildPhase section */

/* Begin PBXGroup section */
		165B094D1DD9BF660074BB3B = {
			isa = PBXGroup;
			children = (
				165B09581DD9BF660074BB3B /* InstagramClone */,
				165B09571DD9BF660074BB3B /* Products */,
				99687C3AD57A443FEFDCD183 /* Pods */,
				6BFA6702181FFE5741831FAF /* Frameworks */,
			);
			sourceTree = "<group>";
		};
		165B09571DD9BF660074BB3B /* Products */ = {
			isa = PBXGroup;
			children = (
				165B09561DD9BF660074BB3B /* InstagramClone.app */,
			);
			name = Products;
			sourceTree = "<group>";
		};
		165B09581DD9BF660074BB3B /* InstagramClone */ = {
			isa = PBXGroup;
			children = (
				AF1FFEF71DD9CC2A008B4089 /* Models */,
				AF1FFEF61DD9CC15008B4089 /* Controllers */,
				AF1FFEF51DD9CC0A008B4089 /* Views */,
				AF1FFEF41DD9CBF3008B4089 /* Helper */,
				165B09591DD9BF660074BB3B /* AppDelegate.swift */,
				165B095B1DD9BF660074BB3B /* ViewController.swift */,
				165B095D1DD9BF660074BB3B /* Main.storyboard */,
				165B09601DD9BF660074BB3B /* Assets.xcassets */,
				165B09621DD9BF660074BB3B /* LaunchScreen.storyboard */,
				165B096B1DD9C0B90074BB3B /* GoogleService-Info.plist */,
				165B09651DD9BF660074BB3B /* Info.plist */,
			);
			path = InstagramClone;
			sourceTree = "<group>";
		};
		6BFA6702181FFE5741831FAF /* Frameworks */ = {
			isa = PBXGroup;
			children = (
				D9BF2CF2E5DA427949CB6703 /* Pods_InstagramClone.framework */,
			);
			name = Frameworks;
			sourceTree = "<group>";
		};
		99687C3AD57A443FEFDCD183 /* Pods */ = {
			isa = PBXGroup;
			children = (
				28C1DF95A0D3370CD10F1195 /* Pods-InstagramClone.debug.xcconfig */,
				19A09F1EDC8F5AEC26C61915 /* Pods-InstagramClone.release.xcconfig */,
			);
			name = Pods;
			sourceTree = "<group>";
		};
		AF1FFEF41DD9CBF3008B4089 /* Helper */ = {
			isa = PBXGroup;
			children = (
				AFFC59F91DDD638200E14176 /* FriendSearch.swift */,
			);
			name = Helper;
			sourceTree = "<group>";
		};
		AF1FFEF51DD9CC0A008B4089 /* Views */ = {
			isa = PBXGroup;
			children = (
				AF092EF21DDB04F700F39010 /* FriendsDetailCollectionViewCell.swift */,
				AF092EF41DDB071C00F39010 /* FriendPostCollectionViewCell.swift */,
				AFF600D61DDC0DCC00E7A2D3 /* UserDetailCollectionViewCell.swift */,
				AFF600D81DDC0E0200E7A2D3 /* UserPostCollectionViewCell.swift */,
				AFFC59F71DDD59FF00E14176 /* FriendSearchTableViewCell.swift */,
			);
			name = Views;
			sourceTree = "<group>";
		};
		AF1FFEF61DD9CC15008B4089 /* Controllers */ = {
			isa = PBXGroup;
			children = (
				AF1FFEF81DD9CDE4008B4089 /* LogInViewController.swift */,
				AF1FFEFA1DD9CE17008B4089 /* SignUpViewController.swift */,
				AF1FFEFC1DD9CE39008B4089 /* TimelineViewController.swift */,
				AF1FFF001DD9CED8008B4089 /* FriendsViewController.swift */,
				AF1FFF041DD9CF69008B4089 /* FriendsDetailViewController.swift */,
				AF1FFF061DD9CFAD008B4089 /* CameraViewController.swift */,
				AF1FFF081DD9CFD3008B4089 /* ProfileViewController.swift */,
				AF1FFF0E1DD9D09C008B4089 /* FriendsDetail2ViewController.swift */,
				AF1FFF101DD9D151008B4089 /* CameraDetailViewController.swift */,
				AF092EF01DDABEAD00F39010 /* ProfileEditViewController.swift */,
			);
			name = Controllers;
			sourceTree = "<group>";
		};
		AF1FFEF71DD9CC2A008B4089 /* Models */ = {
			isa = PBXGroup;
			children = (
			);
			name = Models;
			sourceTree = "<group>";
		};
/* End PBXGroup section */

/* Begin PBXNativeTarget section */
		165B09551DD9BF660074BB3B /* InstagramClone */ = {
			isa = PBXNativeTarget;
			buildConfigurationList = 165B09681DD9BF660074BB3B /* Build configuration list for PBXNativeTarget "InstagramClone" */;
			buildPhases = (
				C58F6503B898AE5600568A8A /* [CP] Check Pods Manifest.lock */,
				165B09521DD9BF660074BB3B /* Sources */,
				165B09531DD9BF660074BB3B /* Frameworks */,
				165B09541DD9BF660074BB3B /* Resources */,
				80D6C419D0045BCFEBFBC675 /* [CP] Embed Pods Frameworks */,
				B25ECAD54439D265DF6B3604 /* [CP] Copy Pods Resources */,
			);
			buildRules = (
			);
			dependencies = (
			);
			name = InstagramClone;
			productName = InstagramClone;
			productReference = 165B09561DD9BF660074BB3B /* InstagramClone.app */;
			productType = "com.apple.product-type.application";
		};
/* End PBXNativeTarget section */

/* Begin PBXProject section */
		165B094E1DD9BF660074BB3B /* Project object */ = {
			isa = PBXProject;
			attributes = {
				LastSwiftUpdateCheck = 0800;
				LastUpgradeCheck = 0800;
				ORGANIZATIONNAME = "Panda^4";
				TargetAttributes = {
					165B09551DD9BF660074BB3B = {
						CreatedOnToolsVersion = 8.0;
						ProvisioningStyle = Automatic;
					};
				};
			};
			buildConfigurationList = 165B09511DD9BF660074BB3B /* Build configuration list for PBXProject "InstagramClone" */;
			compatibilityVersion = "Xcode 3.2";
			developmentRegion = English;
			hasScannedForEncodings = 0;
			knownRegions = (
				en,
				Base,
			);
			mainGroup = 165B094D1DD9BF660074BB3B;
			productRefGroup = 165B09571DD9BF660074BB3B /* Products */;
			projectDirPath = "";
			projectRoot = "";
			targets = (
				165B09551DD9BF660074BB3B /* InstagramClone */,
			);
		};
/* End PBXProject section */

/* Begin PBXResourcesBuildPhase section */
		165B09541DD9BF660074BB3B /* Resources */ = {
			isa = PBXResourcesBuildPhase;
			buildActionMask = 2147483647;
			files = (
				165B09641DD9BF660074BB3B /* LaunchScreen.storyboard in Resources */,
				165B09611DD9BF660074BB3B /* Assets.xcassets in Resources */,
				165B095F1DD9BF660074BB3B /* Main.storyboard in Resources */,
				165B096C1DD9C0B90074BB3B /* GoogleService-Info.plist in Resources */,
			);
			runOnlyForDeploymentPostprocessing = 0;
		};
/* End PBXResourcesBuildPhase section */

/* Begin PBXShellScriptBuildPhase section */
		80D6C419D0045BCFEBFBC675 /* [CP] Embed Pods Frameworks */ = {
			isa = PBXShellScriptBuildPhase;
			buildActionMask = 2147483647;
			files = (
			);
			inputPaths = (
			);
			name = "[CP] Embed Pods Frameworks";
			outputPaths = (
			);
			runOnlyForDeploymentPostprocessing = 0;
			shellPath = /bin/sh;
			shellScript = "\"${SRCROOT}/Pods/Target Support Files/Pods-InstagramClone/Pods-InstagramClone-frameworks.sh\"\n";
			showEnvVarsInLog = 0;
		};
		B25ECAD54439D265DF6B3604 /* [CP] Copy Pods Resources */ = {
			isa = PBXShellScriptBuildPhase;
			buildActionMask = 2147483647;
			files = (
			);
			inputPaths = (
			);
			name = "[CP] Copy Pods Resources";
			outputPaths = (
			);
			runOnlyForDeploymentPostprocessing = 0;
			shellPath = /bin/sh;
			shellScript = "\"${SRCROOT}/Pods/Target Support Files/Pods-InstagramClone/Pods-InstagramClone-resources.sh\"\n";
			showEnvVarsInLog = 0;
		};
		C58F6503B898AE5600568A8A /* [CP] Check Pods Manifest.lock */ = {
			isa = PBXShellScriptBuildPhase;
			buildActionMask = 2147483647;
			files = (
			);
			inputPaths = (
			);
			name = "[CP] Check Pods Manifest.lock";
			outputPaths = (
			);
			runOnlyForDeploymentPostprocessing = 0;
			shellPath = /bin/sh;
			shellScript = "diff \"${PODS_ROOT}/../Podfile.lock\" \"${PODS_ROOT}/Manifest.lock\" > /dev/null\nif [ $? != 0 ] ; then\n    # print error to STDERR\n    echo \"error: The sandbox is not in sync with the Podfile.lock. Run 'pod install' or update your CocoaPods installation.\" >&2\n    exit 1\nfi\n";
			showEnvVarsInLog = 0;
		};
/* End PBXShellScriptBuildPhase section */

/* Begin PBXSourcesBuildPhase section */
		165B09521DD9BF660074BB3B /* Sources */ = {
			isa = PBXSourcesBuildPhase;
			buildActionMask = 2147483647;
			files = (
				AF1FFF111DD9D151008B4089 /* CameraDetailViewController.swift in Sources */,
				165B095C1DD9BF660074BB3B /* ViewController.swift in Sources */,
				AF1FFF091DD9CFD3008B4089 /* ProfileViewController.swift in Sources */,
				AFFC59FA1DDD638200E14176 /* FriendSearch.swift in Sources */,
				165B095A1DD9BF660074BB3B /* AppDelegate.swift in Sources */,
				AF092EF11DDABEAD00F39010 /* ProfileEditViewController.swift in Sources */,
				AF1FFF051DD9CF69008B4089 /* FriendsDetailViewController.swift in Sources */,
				AF1FFEFB1DD9CE17008B4089 /* SignUpViewController.swift in Sources */,
				AF1FFF011DD9CED8008B4089 /* FriendsViewController.swift in Sources */,
				AFF600D71DDC0DCC00E7A2D3 /* UserDetailCollectionViewCell.swift in Sources */,
				AF1FFEF91DD9CDE4008B4089 /* LogInViewController.swift in Sources */,
				AF1FFEFD1DD9CE39008B4089 /* TimelineViewController.swift in Sources */,
				AF1FFF071DD9CFAD008B4089 /* CameraViewController.swift in Sources */,
				AF092EF31DDB04F700F39010 /* FriendsDetailCollectionViewCell.swift in Sources */,
				AF092EF51DDB071C00F39010 /* FriendPostCollectionViewCell.swift in Sources */,
				AFF600D91DDC0E0200E7A2D3 /* UserPostCollectionViewCell.swift in Sources */,
				AF1FFF0F1DD9D09C008B4089 /* FriendsDetail2ViewController.swift in Sources */,
				AFFC59F81DDD59FF00E14176 /* FriendSearchTableViewCell.swift in Sources */,
			);
			runOnlyForDeploymentPostprocessing = 0;
		};
/* End PBXSourcesBuildPhase section */

/* Begin PBXVariantGroup section */
		165B095D1DD9BF660074BB3B /* Main.storyboard */ = {
			isa = PBXVariantGroup;
			children = (
				165B095E1DD9BF660074BB3B /* Base */,
			);
			name = Main.storyboard;
			sourceTree = "<group>";
		};
		165B09621DD9BF660074BB3B /* LaunchScreen.storyboard */ = {
			isa = PBXVariantGroup;
			children = (
				165B09631DD9BF660074BB3B /* Base */,
			);
			name = LaunchScreen.storyboard;
			sourceTree = "<group>";
		};
/* End PBXVariantGroup section */

/* Begin XCBuildConfiguration section */
		165B09661DD9BF660074BB3B /* Debug */ = {
			isa = XCBuildConfiguration;
			buildSettings = {
				ALWAYS_SEARCH_USER_PATHS = NO;
				CLANG_ANALYZER_NONNULL = YES;
				CLANG_CXX_LANGUAGE_STANDARD = "gnu++0x";
				CLANG_CXX_LIBRARY = "libc++";
				CLANG_ENABLE_MODULES = YES;
				CLANG_ENABLE_OBJC_ARC = YES;
				CLANG_WARN_BOOL_CONVERSION = YES;
				CLANG_WARN_CONSTANT_CONVERSION = YES;
				CLANG_WARN_DIRECT_OBJC_ISA_USAGE = YES_ERROR;
				CLANG_WARN_DOCUMENTATION_COMMENTS = YES;
				CLANG_WARN_EMPTY_BODY = YES;
				CLANG_WARN_ENUM_CONVERSION = YES;
				CLANG_WARN_INFINITE_RECURSION = YES;
				CLANG_WARN_INT_CONVERSION = YES;
				CLANG_WARN_OBJC_ROOT_CLASS = YES_ERROR;
				CLANG_WARN_SUSPICIOUS_MOVES = YES;
				CLANG_WARN_UNREACHABLE_CODE = YES;
				CLANG_WARN__DUPLICATE_METHOD_MATCH = YES;
				"CODE_SIGN_IDENTITY[sdk=iphoneos*]" = "iPhone Developer";
				COPY_PHASE_STRIP = NO;
				DEBUG_INFORMATION_FORMAT = dwarf;
				ENABLE_STRICT_OBJC_MSGSEND = YES;
				ENABLE_TESTABILITY = YES;
				GCC_C_LANGUAGE_STANDARD = gnu99;
				GCC_DYNAMIC_NO_PIC = NO;
				GCC_NO_COMMON_BLOCKS = YES;
				GCC_OPTIMIZATION_LEVEL = 0;
				GCC_PREPROCESSOR_DEFINITIONS = (
					"DEBUG=1",
					"$(inherited)",
				);
				GCC_WARN_64_TO_32_BIT_CONVERSION = YES;
				GCC_WARN_ABOUT_RETURN_TYPE = YES_ERROR;
				GCC_WARN_UNDECLARED_SELECTOR = YES;
				GCC_WARN_UNINITIALIZED_AUTOS = YES_AGGRESSIVE;
				GCC_WARN_UNUSED_FUNCTION = YES;
				GCC_WARN_UNUSED_VARIABLE = YES;
				IPHONEOS_DEPLOYMENT_TARGET = 10.0;
				MTL_ENABLE_DEBUG_INFO = YES;
				ONLY_ACTIVE_ARCH = YES;
				SDKROOT = iphoneos;
				SWIFT_ACTIVE_COMPILATION_CONDITIONS = DEBUG;
				SWIFT_OPTIMIZATION_LEVEL = "-Onone";
				TARGETED_DEVICE_FAMILY = "1,2";
			};
			name = Debug;
		};
		165B09671DD9BF660074BB3B /* Release */ = {
			isa = XCBuildConfiguration;
			buildSettings = {
				ALWAYS_SEARCH_USER_PATHS = NO;
				CLANG_ANALYZER_NONNULL = YES;
				CLANG_CXX_LANGUAGE_STANDARD = "gnu++0x";
				CLANG_CXX_LIBRARY = "libc++";
				CLANG_ENABLE_MODULES = YES;
				CLANG_ENABLE_OBJC_ARC = YES;
				CLANG_WARN_BOOL_CONVERSION = YES;
				CLANG_WARN_CONSTANT_CONVERSION = YES;
				CLANG_WARN_DIRECT_OBJC_ISA_USAGE = YES_ERROR;
				CLANG_WARN_DOCUMENTATION_COMMENTS = YES;
				CLANG_WARN_EMPTY_BODY = YES;
				CLANG_WARN_ENUM_CONVERSION = YES;
				CLANG_WARN_INFINITE_RECURSION = YES;
				CLANG_WARN_INT_CONVERSION = YES;
				CLANG_WARN_OBJC_ROOT_CLASS = YES_ERROR;
				CLANG_WARN_SUSPICIOUS_MOVES = YES;
				CLANG_WARN_UNREACHABLE_CODE = YES;
				CLANG_WARN__DUPLICATE_METHOD_MATCH = YES;
				"CODE_SIGN_IDENTITY[sdk=iphoneos*]" = "iPhone Developer";
				COPY_PHASE_STRIP = NO;
				DEBUG_INFORMATION_FORMAT = "dwarf-with-dsym";
				ENABLE_NS_ASSERTIONS = NO;
				ENABLE_STRICT_OBJC_MSGSEND = YES;
				GCC_C_LANGUAGE_STANDARD = gnu99;
				GCC_NO_COMMON_BLOCKS = YES;
				GCC_WARN_64_TO_32_BIT_CONVERSION = YES;
				GCC_WARN_ABOUT_RETURN_TYPE = YES_ERROR;
				GCC_WARN_UNDECLARED_SELECTOR = YES;
				GCC_WARN_UNINITIALIZED_AUTOS = YES_AGGRESSIVE;
				GCC_WARN_UNUSED_FUNCTION = YES;
				GCC_WARN_UNUSED_VARIABLE = YES;
				IPHONEOS_DEPLOYMENT_TARGET = 10.0;
				MTL_ENABLE_DEBUG_INFO = NO;
				SDKROOT = iphoneos;
				SWIFT_OPTIMIZATION_LEVEL = "-Owholemodule";
				TARGETED_DEVICE_FAMILY = "1,2";
				VALIDATE_PRODUCT = YES;
			};
			name = Release;
		};
		165B09691DD9BF660074BB3B /* Debug */ = {
			isa = XCBuildConfiguration;
			baseConfigurationReference = 28C1DF95A0D3370CD10F1195 /* Pods-InstagramClone.debug.xcconfig */;
			buildSettings = {
				ASSETCATALOG_COMPILER_APPICON_NAME = AppIcon;
				INFOPLIST_FILE = InstagramClone/Info.plist;
				LD_RUNPATH_SEARCH_PATHS = "$(inherited) @executable_path/Frameworks";
				PRODUCT_BUNDLE_IDENTIFIER = com.panda4.InstagramClone;
				PRODUCT_NAME = "$(TARGET_NAME)";
				SWIFT_VERSION = 3.0;
			};
			name = Debug;
		};
		165B096A1DD9BF660074BB3B /* Release */ = {
			isa = XCBuildConfiguration;
			baseConfigurationReference = 19A09F1EDC8F5AEC26C61915 /* Pods-InstagramClone.release.xcconfig */;
			buildSettings = {
				ASSETCATALOG_COMPILER_APPICON_NAME = AppIcon;
				INFOPLIST_FILE = InstagramClone/Info.plist;
				LD_RUNPATH_SEARCH_PATHS = "$(inherited) @executable_path/Frameworks";
				PRODUCT_BUNDLE_IDENTIFIER = com.panda4.InstagramClone;
				PRODUCT_NAME = "$(TARGET_NAME)";
				SWIFT_VERSION = 3.0;
			};
			name = Release;
		};
/* End XCBuildConfiguration section */

/* Begin XCConfigurationList section */
		165B09511DD9BF660074BB3B /* Build configuration list for PBXProject "InstagramClone" */ = {
			isa = XCConfigurationList;
			buildConfigurations = (
				165B09661DD9BF660074BB3B /* Debug */,
				165B09671DD9BF660074BB3B /* Release */,
			);
			defaultConfigurationIsVisible = 0;
			defaultConfigurationName = Release;
		};
		165B09681DD9BF660074BB3B /* Build configuration list for PBXNativeTarget "InstagramClone" */ = {
			isa = XCConfigurationList;
			buildConfigurations = (
				165B09691DD9BF660074BB3B /* Debug */,
				165B096A1DD9BF660074BB3B /* Release */,
			);
			defaultConfigurationIsVisible = 0;
			defaultConfigurationName = Release;
		};
/* End XCConfigurationList section */
	};
	rootObject = 165B094E1DD9BF660074BB3B /* Project object */;
}
